// !$*UTF8*$!
{
	archiveVersion = 1;
	classes = {
	};
	objectVersion = 46;
	objects = {

/* Begin PBXBuildFile section */
		410A59A61C1FA2F80054E736 /* main.m in Sources */ = {isa = PBXBuildFile; fileRef = 410A59A51C1FA2F80054E736 /* main.m */; };
		410A59A91C1FA2F80054E736 /* TJKAppDelegate.m in Sources */ = {isa = PBXBuildFile; fileRef = 410A59A81C1FA2F80054E736 /* TJKAppDelegate.m */; };
		410A59B21C1FA2F80054E736 /* TodaysJoke.xcdatamodeld in Sources */ = {isa = PBXBuildFile; fileRef = 410A59B01C1FA2F80054E736 /* TodaysJoke.xcdatamodeld */; };
		410A59B41C1FA2F80054E736 /* Assets.xcassets in Resources */ = {isa = PBXBuildFile; fileRef = 410A59B31C1FA2F80054E736 /* Assets.xcassets */; };
		41BC90DF1C25D65200288F16 /* TodaysJoke@2.png in Resources */ = {isa = PBXBuildFile; fileRef = 41BC90CE1C25D65200288F16 /* TodaysJoke@2.png */; };
		41BC90E01C25D65200288F16 /* TodaysJoke@3.png in Resources */ = {isa = PBXBuildFile; fileRef = 41BC90CF1C25D65200288F16 /* TodaysJoke@3.png */; };
		41BC90E11C25D65200288F16 /* TodaysJoke@29.png in Resources */ = {isa = PBXBuildFile; fileRef = 41BC90D01C25D65200288F16 /* TodaysJoke@29.png */; };
		41BC90E21C25D65200288F16 /* TodaysJoke@40.png in Resources */ = {isa = PBXBuildFile; fileRef = 41BC90D11C25D65200288F16 /* TodaysJoke@40.png */; };
		41BC90E31C25D65200288F16 /* TodaysJoke@50.png in Resources */ = {isa = PBXBuildFile; fileRef = 41BC90D21C25D65200288F16 /* TodaysJoke@50.png */; };
		41BC90E41C25D65200288F16 /* TodaysJoke@57.png in Resources */ = {isa = PBXBuildFile; fileRef = 41BC90D31C25D65200288F16 /* TodaysJoke@57.png */; };
		41BC90E51C25D65200288F16 /* TodaysJoke@58.png in Resources */ = {isa = PBXBuildFile; fileRef = 41BC90D41C25D65200288F16 /* TodaysJoke@58.png */; };
		41BC90E61C25D65200288F16 /* TodaysJoke@72.png in Resources */ = {isa = PBXBuildFile; fileRef = 41BC90D51C25D65200288F16 /* TodaysJoke@72.png */; };
		41BC90E71C25D65200288F16 /* TodaysJoke@76.png in Resources */ = {isa = PBXBuildFile; fileRef = 41BC90D61C25D65200288F16 /* TodaysJoke@76.png */; };
		41BC90E81C25D65200288F16 /* TodaysJoke@80.png in Resources */ = {isa = PBXBuildFile; fileRef = 41BC90D71C25D65200288F16 /* TodaysJoke@80.png */; };
		41BC90E91C25D65200288F16 /* TodaysJoke@87.png in Resources */ = {isa = PBXBuildFile; fileRef = 41BC90D81C25D65200288F16 /* TodaysJoke@87.png */; };
		41BC90EA1C25D65200288F16 /* TodaysJoke@100.png in Resources */ = {isa = PBXBuildFile; fileRef = 41BC90D91C25D65200288F16 /* TodaysJoke@100.png */; };
		41BC90EB1C25D65200288F16 /* TodaysJoke@114.png in Resources */ = {isa = PBXBuildFile; fileRef = 41BC90DA1C25D65200288F16 /* TodaysJoke@114.png */; };
		41BC90EC1C25D65200288F16 /* TodaysJoke@120.png in Resources */ = {isa = PBXBuildFile; fileRef = 41BC90DB1C25D65200288F16 /* TodaysJoke@120.png */; };
		41BC90ED1C25D65200288F16 /* TodaysJoke@144.png in Resources */ = {isa = PBXBuildFile; fileRef = 41BC90DC1C25D65200288F16 /* TodaysJoke@144.png */; };
		41BC90EE1C25D65200288F16 /* TodaysJoke@152.png in Resources */ = {isa = PBXBuildFile; fileRef = 41BC90DD1C25D65200288F16 /* TodaysJoke@152.png */; };
		41BC90EF1C25D65200288F16 /* TodaysJoke@167.png in Resources */ = {isa = PBXBuildFile; fileRef = 41BC90DE1C25D65200288F16 /* TodaysJoke@167.png */; };
		41D364361C223AC7004A6C1A /* TJKMainViewController.m in Sources */ = {isa = PBXBuildFile; fileRef = 41D364351C223AC7004A6C1A /* TJKMainViewController.m */; };
		41D364381C223DE6004A6C1A /* TJKMainViewController.xib in Resources */ = {isa = PBXBuildFile; fileRef = 41D364371C223DE6004A6C1A /* TJKMainViewController.xib */; };
		41D3643B1C224253004A6C1A /* TJKJokeItem.m in Sources */ = {isa = PBXBuildFile; fileRef = 41D3643A1C224253004A6C1A /* TJKJokeItem.m */; };
/* End PBXBuildFile section */

/* Begin PBXFileReference section */
		410A59A11C1FA2F80054E736 /* TodaysJoke.app */ = {isa = PBXFileReference; explicitFileType = wrapper.application; includeInIndex = 0; path = TodaysJoke.app; sourceTree = BUILT_PRODUCTS_DIR; };
		410A59A51C1FA2F80054E736 /* main.m */ = {isa = PBXFileReference; lastKnownFileType = sourcecode.c.objc; path = main.m; sourceTree = "<group>"; };
		410A59A71C1FA2F80054E736 /* TJKAppDelegate.h */ = {isa = PBXFileReference; lastKnownFileType = sourcecode.c.h; path = TJKAppDelegate.h; sourceTree = "<group>"; };
		410A59A81C1FA2F80054E736 /* TJKAppDelegate.m */ = {isa = PBXFileReference; lastKnownFileType = sourcecode.c.objc; path = TJKAppDelegate.m; sourceTree = "<group>"; };
		410A59B11C1FA2F80054E736 /* TodaysJoke.xcdatamodel */ = {isa = PBXFileReference; lastKnownFileType = wrapper.xcdatamodel; path = TodaysJoke.xcdatamodel; sourceTree = "<group>"; };
		410A59B31C1FA2F80054E736 /* Assets.xcassets */ = {isa = PBXFileReference; lastKnownFileType = folder.assetcatalog; path = Assets.xcassets; sourceTree = "<group>"; };
		410A59B81C1FA2F80054E736 /* Info.plist */ = {isa = PBXFileReference; lastKnownFileType = text.plist.xml; path = Info.plist; sourceTree = "<group>"; };
		41BC90CE1C25D65200288F16 /* TodaysJoke@2.png */ = {isa = PBXFileReference; lastKnownFileType = image.png; path = "TodaysJoke@2.png"; sourceTree = "<group>"; };
		41BC90CF1C25D65200288F16 /* TodaysJoke@3.png */ = {isa = PBXFileReference; lastKnownFileType = image.png; path = "TodaysJoke@3.png"; sourceTree = "<group>"; };
		41BC90D01C25D65200288F16 /* TodaysJoke@29.png */ = {isa = PBXFileReference; lastKnownFileType = image.png; path = "TodaysJoke@29.png"; sourceTree = "<group>"; };
		41BC90D11C25D65200288F16 /* TodaysJoke@40.png */ = {isa = PBXFileReference; lastKnownFileType = image.png; path = "TodaysJoke@40.png"; sourceTree = "<group>"; };
		41BC90D21C25D65200288F16 /* TodaysJoke@50.png */ = {isa = PBXFileReference; lastKnownFileType = image.png; path = "TodaysJoke@50.png"; sourceTree = "<group>"; };
		41BC90D31C25D65200288F16 /* TodaysJoke@57.png */ = {isa = PBXFileReference; lastKnownFileType = image.png; path = "TodaysJoke@57.png"; sourceTree = "<group>"; };
		41BC90D41C25D65200288F16 /* TodaysJoke@58.png */ = {isa = PBXFileReference; lastKnownFileType = image.png; path = "TodaysJoke@58.png"; sourceTree = "<group>"; };
		41BC90D51C25D65200288F16 /* TodaysJoke@72.png */ = {isa = PBXFileReference; lastKnownFileType = image.png; path = "TodaysJoke@72.png"; sourceTree = "<group>"; };
		41BC90D61C25D65200288F16 /* TodaysJoke@76.png */ = {isa = PBXFileReference; lastKnownFileType = image.png; path = "TodaysJoke@76.png"; sourceTree = "<group>"; };
		41BC90D71C25D65200288F16 /* TodaysJoke@80.png */ = {isa = PBXFileReference; lastKnownFileType = image.png; path = "TodaysJoke@80.png"; sourceTree = "<group>"; };
		41BC90D81C25D65200288F16 /* TodaysJoke@87.png */ = {isa = PBXFileReference; lastKnownFileType = image.png; path = "TodaysJoke@87.png"; sourceTree = "<group>"; };
		41BC90D91C25D65200288F16 /* TodaysJoke@100.png */ = {isa = PBXFileReference; lastKnownFileType = image.png; path = "TodaysJoke@100.png"; sourceTree = "<group>"; };
		41BC90DA1C25D65200288F16 /* TodaysJoke@114.png */ = {isa = PBXFileReference; lastKnownFileType = image.png; path = "TodaysJoke@114.png"; sourceTree = "<group>"; };
		41BC90DB1C25D65200288F16 /* TodaysJoke@120.png */ = {isa = PBXFileReference; lastKnownFileType = image.png; path = "TodaysJoke@120.png"; sourceTree = "<group>"; };
		41BC90DC1C25D65200288F16 /* TodaysJoke@144.png */ = {isa = PBXFileReference; lastKnownFileType = image.png; path = "TodaysJoke@144.png"; sourceTree = "<group>"; };
		41BC90DD1C25D65200288F16 /* TodaysJoke@152.png */ = {isa = PBXFileReference; lastKnownFileType = image.png; path = "TodaysJoke@152.png"; sourceTree = "<group>"; };
		41BC90DE1C25D65200288F16 /* TodaysJoke@167.png */ = {isa = PBXFileReference; lastKnownFileType = image.png; path = "TodaysJoke@167.png"; sourceTree = "<group>"; };
		41D364341C223AC7004A6C1A /* TJKMainViewController.h */ = {isa = PBXFileReference; fileEncoding = 4; lastKnownFileType = sourcecode.c.h; path = TJKMainViewController.h; sourceTree = "<group>"; };
		41D364351C223AC7004A6C1A /* TJKMainViewController.m */ = {isa = PBXFileReference; fileEncoding = 4; lastKnownFileType = sourcecode.c.objc; path = TJKMainViewController.m; sourceTree = "<group>"; };
		41D364371C223DE6004A6C1A /* TJKMainViewController.xib */ = {isa = PBXFileReference; fileEncoding = 4; lastKnownFileType = file.xib; path = TJKMainViewController.xib; sourceTree = "<group>"; };
		41D364391C224253004A6C1A /* TJKJokeItem.h */ = {isa = PBXFileReference; fileEncoding = 4; lastKnownFileType = sourcecode.c.h; path = TJKJokeItem.h; sourceTree = "<group>"; };
		41D3643A1C224253004A6C1A /* TJKJokeItem.m */ = {isa = PBXFileReference; fileEncoding = 4; lastKnownFileType = sourcecode.c.objc; path = TJKJokeItem.m; sourceTree = "<group>"; };
/* End PBXFileReference section */

/* Begin PBXFrameworksBuildPhase section */
		410A599E1C1FA2F80054E736 /* Frameworks */ = {
			isa = PBXFrameworksBuildPhase;
			buildActionMask = 2147483647;
			files = (
			);
			runOnlyForDeploymentPostprocessing = 0;
		};
/* End PBXFrameworksBuildPhase section */

/* Begin PBXGroup section */
		410A59981C1FA2F80054E736 = {
			isa = PBXGroup;
			children = (
				410A59A31C1FA2F80054E736 /* TodaysJoke */,
				410A59A21C1FA2F80054E736 /* Products */,
				41BC90CD1C25D63600288F16 /* Images */,
			);
			sourceTree = "<group>";
		};
		410A59A21C1FA2F80054E736 /* Products */ = {
			isa = PBXGroup;
			children = (
				410A59A11C1FA2F80054E736 /* TodaysJoke.app */,
			);
			name = Products;
			sourceTree = "<group>";
		};
		410A59A31C1FA2F80054E736 /* TodaysJoke */ = {
			isa = PBXGroup;
			children = (
				410A59A71C1FA2F80054E736 /* TJKAppDelegate.h */,
				410A59A81C1FA2F80054E736 /* TJKAppDelegate.m */,
				41D364341C223AC7004A6C1A /* TJKMainViewController.h */,
				41D364351C223AC7004A6C1A /* TJKMainViewController.m */,
				41D364371C223DE6004A6C1A /* TJKMainViewController.xib */,
				41D364391C224253004A6C1A /* TJKJokeItem.h */,
				41D3643A1C224253004A6C1A /* TJKJokeItem.m */,
				410A59B31C1FA2F80054E736 /* Assets.xcassets */,
				410A59B81C1FA2F80054E736 /* Info.plist */,
				410A59B01C1FA2F80054E736 /* TodaysJoke.xcdatamodeld */,
				410A59A41C1FA2F80054E736 /* Supporting Files */,
			);
			path = TodaysJoke;
			sourceTree = "<group>";
		};
		410A59A41C1FA2F80054E736 /* Supporting Files */ = {
			isa = PBXGroup;
			children = (
				410A59A51C1FA2F80054E736 /* main.m */,
			);
			name = "Supporting Files";
			sourceTree = "<group>";
		};
		41BC90CD1C25D63600288F16 /* Images */ = {
			isa = PBXGroup;
			children = (
				41BC90CE1C25D65200288F16 /* TodaysJoke@2.png */,
				41BC90CF1C25D65200288F16 /* TodaysJoke@3.png */,
				41BC90D01C25D65200288F16 /* TodaysJoke@29.png */,
				41BC90D11C25D65200288F16 /* TodaysJoke@40.png */,
				41BC90D21C25D65200288F16 /* TodaysJoke@50.png */,
				41BC90D31C25D65200288F16 /* TodaysJoke@57.png */,
				41BC90D41C25D65200288F16 /* TodaysJoke@58.png */,
				41BC90D51C25D65200288F16 /* TodaysJoke@72.png */,
				41BC90D61C25D65200288F16 /* TodaysJoke@76.png */,
				41BC90D71C25D65200288F16 /* TodaysJoke@80.png */,
				41BC90D81C25D65200288F16 /* TodaysJoke@87.png */,
				41BC90D91C25D65200288F16 /* TodaysJoke@100.png */,
				41BC90DA1C25D65200288F16 /* TodaysJoke@114.png */,
				41BC90DB1C25D65200288F16 /* TodaysJoke@120.png */,
				41BC90DC1C25D65200288F16 /* TodaysJoke@144.png */,
				41BC90DD1C25D65200288F16 /* TodaysJoke@152.png */,
				41BC90DE1C25D65200288F16 /* TodaysJoke@167.png */,
			);
			name = Images;
			sourceTree = "<group>";
		};
/* End PBXGroup section */

/* Begin PBXNativeTarget section */
		410A59A01C1FA2F80054E736 /* TodaysJoke */ = {
			isa = PBXNativeTarget;
			buildConfigurationList = 410A59BB1C1FA2F80054E736 /* Build configuration list for PBXNativeTarget "TodaysJoke" */;
			buildPhases = (
				410A599D1C1FA2F80054E736 /* Sources */,
				410A599E1C1FA2F80054E736 /* Frameworks */,
				410A599F1C1FA2F80054E736 /* Resources */,
			);
			buildRules = (
			);
			dependencies = (
			);
			name = TodaysJoke;
			productName = TodaysJoke;
			productReference = 410A59A11C1FA2F80054E736 /* TodaysJoke.app */;
			productType = "com.apple.product-type.application";
		};
/* End PBXNativeTarget section */

/* Begin PBXProject section */
		410A59991C1FA2F80054E736 /* Project object */ = {
			isa = PBXProject;
			attributes = {
				LastUpgradeCheck = 0720;
				ORGANIZATIONNAME = "Glenn Seplowitz";
				TargetAttributes = {
					410A59A01C1FA2F80054E736 = {
						CreatedOnToolsVersion = 7.2;
						DevelopmentTeam = 3ZRMHQ2B8H;
					};
				};
			};
			buildConfigurationList = 410A599C1C1FA2F80054E736 /* Build configuration list for PBXProject "TodaysJoke" */;
			compatibilityVersion = "Xcode 3.2";
			developmentRegion = English;
			hasScannedForEncodings = 0;
			knownRegions = (
				en,
				Base,
			);
			mainGroup = 410A59981C1FA2F80054E736;
			productRefGroup = 410A59A21C1FA2F80054E736 /* Products */;
			projectDirPath = "";
			projectRoot = "";
			targets = (
				410A59A01C1FA2F80054E736 /* TodaysJoke */,
			);
		};
/* End PBXProject section */

/* Begin PBXResourcesBuildPhase section */
		410A599F1C1FA2F80054E736 /* Resources */ = {
			isa = PBXResourcesBuildPhase;
			buildActionMask = 2147483647;
			files = (
				41BC90E61C25D65200288F16 /* TodaysJoke@72.png in Resources */,
				41BC90EB1C25D65200288F16 /* TodaysJoke@114.png in Resources */,
				41BC90EA1C25D65200288F16 /* TodaysJoke@100.png in Resources */,
				41BC90E81C25D65200288F16 /* TodaysJoke@80.png in Resources */,
				41BC90DF1C25D65200288F16 /* TodaysJoke@2.png in Resources */,
				41BC90EC1C25D65200288F16 /* TodaysJoke@120.png in Resources */,
				41BC90E21C25D65200288F16 /* TodaysJoke@40.png in Resources */,
				41BC90E31C25D65200288F16 /* TodaysJoke@50.png in Resources */,
				41BC90E11C25D65200288F16 /* TodaysJoke@29.png in Resources */,
				41BC90E51C25D65200288F16 /* TodaysJoke@58.png in Resources */,
				41BC90EF1C25D65200288F16 /* TodaysJoke@167.png in Resources */,
				41BC90EE1C25D65200288F16 /* TodaysJoke@152.png in Resources */,
				410A59B41C1FA2F80054E736 /* Assets.xcassets in Resources */,
				41BC90E41C25D65200288F16 /* TodaysJoke@57.png in Resources */,
				41BC90ED1C25D65200288F16 /* TodaysJoke@144.png in Resources */,
				41BC90E91C25D65200288F16 /* TodaysJoke@87.png in Resources */,
				41BC90E71C25D65200288F16 /* TodaysJoke@76.png in Resources */,
				41D364381C223DE6004A6C1A /* TJKMainViewController.xib in Resources */,
				41BC90E01C25D65200288F16 /* TodaysJoke@3.png in Resources */,
			);
			runOnlyForDeploymentPostprocessing = 0;
		};
/* End PBXResourcesBuildPhase section */

/* Begin PBXSourcesBuildPhase section */
		410A599D1C1FA2F80054E736 /* Sources */ = {
			isa = PBXSourcesBuildPhase;
			buildActionMask = 2147483647;
			files = (
				410A59B21C1FA2F80054E736 /* TodaysJoke.xcdatamodeld in Sources */,
				41D3643B1C224253004A6C1A /* TJKJokeItem.m in Sources */,
				410A59A91C1FA2F80054E736 /* TJKAppDelegate.m in Sources */,
				410A59A61C1FA2F80054E736 /* main.m in Sources */,
				41D364361C223AC7004A6C1A /* TJKMainViewController.m in Sources */,
			);
			runOnlyForDeploymentPostprocessing = 0;
		};
/* End PBXSourcesBuildPhase section */

/* Begin XCBuildConfiguration section */
		410A59B91C1FA2F80054E736 /* Debug */ = {
			isa = XCBuildConfiguration;
			buildSettings = {
				ALWAYS_SEARCH_USER_PATHS = NO;
				CLANG_CXX_LANGUAGE_STANDARD = "gnu++0x";
				CLANG_CXX_LIBRARY = "libc++";
				CLANG_ENABLE_MODULES = YES;
				CLANG_ENABLE_OBJC_ARC = YES;
				CLANG_WARN_BOOL_CONVERSION = YES;
				CLANG_WARN_CONSTANT_CONVERSION = YES;
				CLANG_WARN_DIRECT_OBJC_ISA_USAGE = YES_ERROR;
				CLANG_WARN_EMPTY_BODY = YES;
				CLANG_WARN_ENUM_CONVERSION = YES;
				CLANG_WARN_INT_CONVERSION = YES;
				CLANG_WARN_OBJC_ROOT_CLASS = YES_ERROR;
				CLANG_WARN_UNREACHABLE_CODE = YES;
				CLANG_WARN__DUPLICATE_METHOD_MATCH = YES;
				"CODE_SIGN_IDENTITY[sdk=iphoneos*]" = "iPhone Developer";
				COPY_PHASE_STRIP = NO;
				DEBUG_INFORMATION_FORMAT = dwarf;
				ENABLE_STRICT_OBJC_MSGSEND = YES;
				ENABLE_TESTABILITY = YES;
				GCC_C_LANGUAGE_STANDARD = gnu99;
				GCC_DYNAMIC_NO_PIC = NO;
				GCC_NO_COMMON_BLOCKS = YES;
				GCC_OPTIMIZATION_LEVEL = 0;
				GCC_PREPROCESSOR_DEFINITIONS = (
					"DEBUG=1",
					"$(inherited)",
				);
				GCC_WARN_64_TO_32_BIT_CONVERSION = YES;
				GCC_WARN_ABOUT_RETURN_TYPE = YES_ERROR;
				GCC_WARN_UNDECLARED_SELECTOR = YES;
				GCC_WARN_UNINITIALIZED_AUTOS = YES_AGGRESSIVE;
				GCC_WARN_UNUSED_FUNCTION = YES;
				GCC_WARN_UNUSED_VARIABLE = YES;
				IPHONEOS_DEPLOYMENT_TARGET = 9.2;
				MTL_ENABLE_DEBUG_INFO = YES;
				ONLY_ACTIVE_ARCH = YES;
				SDKROOT = iphoneos;
			};
			name = Debug;
		};
		410A59BA1C1FA2F80054E736 /* Release */ = {
			isa = XCBuildConfiguration;
			buildSettings = {
				ALWAYS_SEARCH_USER_PATHS = NO;
				CLANG_CXX_LANGUAGE_STANDARD = "gnu++0x";
				CLANG_CXX_LIBRARY = "libc++";
				CLANG_ENABLE_MODULES = YES;
				CLANG_ENABLE_OBJC_ARC = YES;
				CLANG_WARN_BOOL_CONVERSION = YES;
				CLANG_WARN_CONSTANT_CONVERSION = YES;
				CLANG_WARN_DIRECT_OBJC_ISA_USAGE = YES_ERROR;
				CLANG_WARN_EMPTY_BODY = YES;
				CLANG_WARN_ENUM_CONVERSION = YES;
				CLANG_WARN_INT_CONVERSION = YES;
				CLANG_WARN_OBJC_ROOT_CLASS = YES_ERROR;
				CLANG_WARN_UNREACHABLE_CODE = YES;
				CLANG_WARN__DUPLICATE_METHOD_MATCH = YES;
				"CODE_SIGN_IDENTITY[sdk=iphoneos*]" = "iPhone Developer";
				COPY_PHASE_STRIP = NO;
				DEBUG_INFORMATION_FORMAT = "dwarf-with-dsym";
				ENABLE_NS_ASSERTIONS = NO;
				ENABLE_STRICT_OBJC_MSGSEND = YES;
				GCC_C_LANGUAGE_STANDARD = gnu99;
				GCC_NO_COMMON_BLOCKS = YES;
				GCC_WARN_64_TO_32_BIT_CONVERSION = YES;
				GCC_WARN_ABOUT_RETURN_TYPE = YES_ERROR;
				GCC_WARN_UNDECLARED_SELECTOR = YES;
				GCC_WARN_UNINITIALIZED_AUTOS = YES_AGGRESSIVE;
				GCC_WARN_UNUSED_FUNCTION = YES;
				GCC_WARN_UNUSED_VARIABLE = YES;
				IPHONEOS_DEPLOYMENT_TARGET = 9.2;
				MTL_ENABLE_DEBUG_INFO = NO;
				SDKROOT = iphoneos;
				VALIDATE_PRODUCT = YES;
			};
			name = Release;
		};
		410A59BC1C1FA2F80054E736 /* Debug */ = {
			isa = XCBuildConfiguration;
			buildSettings = {
				ASSETCATALOG_COMPILER_APPICON_NAME = AppIcon;
				CODE_SIGN_IDENTITY = "iPhone Developer";
				INFOPLIST_FILE = TodaysJoke/Info.plist;
				LD_RUNPATH_SEARCH_PATHS = "$(inherited) @executable_path/Frameworks";
				PRODUCT_BUNDLE_IDENTIFIER = com.glennseplowitz.TodaysJoke;
				PRODUCT_NAME = "$(TARGET_NAME)";
				TARGETED_DEVICE_FAMILY = "1,2";
			};
			name = Debug;
		};
		410A59BD1C1FA2F80054E736 /* Release */ = {
			isa = XCBuildConfiguration;
			buildSettings = {
				ASSETCATALOG_COMPILER_APPICON_NAME = AppIcon;
				CODE_SIGN_IDENTITY = "iPhone Developer";
				INFOPLIST_FILE = TodaysJoke/Info.plist;
				LD_RUNPATH_SEARCH_PATHS = "$(inherited) @executable_path/Frameworks";
				PRODUCT_BUNDLE_IDENTIFIER = com.glennseplowitz.TodaysJoke;
				PRODUCT_NAME = "$(TARGET_NAME)";
				TARGETED_DEVICE_FAMILY = "1,2";
			};
			name = Release;
		};
/* End XCBuildConfiguration section */

/* Begin XCConfigurationList section */
		410A599C1C1FA2F80054E736 /* Build configuration list for PBXProject "TodaysJoke" */ = {
			isa = XCConfigurationList;
			buildConfigurations = (
				410A59B91C1FA2F80054E736 /* Debug */,
				410A59BA1C1FA2F80054E736 /* Release */,
			);
			defaultConfigurationIsVisible = 0;
			defaultConfigurationName = Release;
		};
		410A59BB1C1FA2F80054E736 /* Build configuration list for PBXNativeTarget "TodaysJoke" */ = {
			isa = XCConfigurationList;
			buildConfigurations = (
				410A59BC1C1FA2F80054E736 /* Debug */,
				410A59BD1C1FA2F80054E736 /* Release */,
			);
			defaultConfigurationIsVisible = 0;
			defaultConfigurationName = Release;
		};
/* End XCConfigurationList section */

/* Begin XCVersionGroup section */
		410A59B01C1FA2F80054E736 /* TodaysJoke.xcdatamodeld */ = {
			isa = XCVersionGroup;
			children = (
				410A59B11C1FA2F80054E736 /* TodaysJoke.xcdatamodel */,
			);
			currentVersion = 410A59B11C1FA2F80054E736 /* TodaysJoke.xcdatamodel */;
			path = TodaysJoke.xcdatamodeld;
			sourceTree = "<group>";
			versionGroupType = wrapper.xcdatamodel;
		};
/* End XCVersionGroup section */
	};
	rootObject = 410A59991C1FA2F80054E736 /* Project object */;
}
